// !$*UTF8*$!
{
	archiveVersion = 1;
	classes = {
	};
	objectVersion = 56;
	objects = {

/* Begin PBXBuildFile section */
		E1C069E22A710205002A8D10 /* AppDelegate.swift in Sources */ = {isa = PBXBuildFile; fileRef = E1C069E12A710205002A8D10 /* AppDelegate.swift */; };
		E1C069E42A710205002A8D10 /* SceneDelegate.swift in Sources */ = {isa = PBXBuildFile; fileRef = E1C069E32A710205002A8D10 /* SceneDelegate.swift */; };
		E1C069E62A710205002A8D10 /* ViewController.swift in Sources */ = {isa = PBXBuildFile; fileRef = E1C069E52A710205002A8D10 /* ViewController.swift */; };
		E1C069E92A710205002A8D10 /* Main.storyboard in Resources */ = {isa = PBXBuildFile; fileRef = E1C069E72A710205002A8D10 /* Main.storyboard */; };
		E1C069EB2A710208002A8D10 /* Assets.xcassets in Resources */ = {isa = PBXBuildFile; fileRef = E1C069EA2A710208002A8D10 /* Assets.xcassets */; };
		E1C069EE2A710208002A8D10 /* LaunchScreen.storyboard in Resources */ = {isa = PBXBuildFile; fileRef = E1C069EC2A710208002A8D10 /* LaunchScreen.storyboard */; };
		E1C069F92A710209002A8D10 /* PictureAppTests.swift in Sources */ = {isa = PBXBuildFile; fileRef = E1C069F82A710209002A8D10 /* PictureAppTests.swift */; };
		E1C06A032A710209002A8D10 /* PictureAppUITests.swift in Sources */ = {isa = PBXBuildFile; fileRef = E1C06A022A710209002A8D10 /* PictureAppUITests.swift */; };
		E1C06A052A710209002A8D10 /* PictureAppUITestsLaunchTests.swift in Sources */ = {isa = PBXBuildFile; fileRef = E1C06A042A710209002A8D10 /* PictureAppUITestsLaunchTests.swift */; };
		E1C06A122A71195F002A8D10 /* ViewController2.swift in Sources */ = {isa = PBXBuildFile; fileRef = E1C06A112A71195F002A8D10 /* ViewController2.swift */; };
		E1C06A142A722ED4002A8D10 /* ViewController3.swift in Sources */ = {isa = PBXBuildFile; fileRef = E1C06A132A722ED4002A8D10 /* ViewController3.swift */; };
/* End PBXBuildFile section */

/* Begin PBXContainerItemProxy section */
		E1C069F52A710209002A8D10 /* PBXContainerItemProxy */ = {
			isa = PBXContainerItemProxy;
			containerPortal = E1C069D62A710205002A8D10 /* Project object */;
			proxyType = 1;
			remoteGlobalIDString = E1C069DD2A710205002A8D10;
			remoteInfo = PictureApp;
		};
		E1C069FF2A710209002A8D10 /* PBXContainerItemProxy */ = {
			isa = PBXContainerItemProxy;
			containerPortal = E1C069D62A710205002A8D10 /* Project object */;
			proxyType = 1;
			remoteGlobalIDString = E1C069DD2A710205002A8D10;
			remoteInfo = PictureApp;
		};
/* End PBXContainerItemProxy section */

/* Begin PBXFileReference section */
		E1C069DE2A710205002A8D10 /* PictureApp.app */ = {isa = PBXFileReference; explicitFileType = wrapper.application; includeInIndex = 0; path = PictureApp.app; sourceTree = BUILT_PRODUCTS_DIR; };
		E1C069E12A710205002A8D10 /* AppDelegate.swift */ = {isa = PBXFileReference; lastKnownFileType = sourcecode.swift; path = AppDelegate.swift; sourceTree = "<group>"; };
		E1C069E32A710205002A8D10 /* SceneDelegate.swift */ = {isa = PBXFileReference; lastKnownFileType = sourcecode.swift; path = SceneDelegate.swift; sourceTree = "<group>"; };
		E1C069E52A710205002A8D10 /* ViewController.swift */ = {isa = PBXFileReference; lastKnownFileType = sourcecode.swift; path = ViewController.swift; sourceTree = "<group>"; };
		E1C069E82A710205002A8D10 /* Base */ = {isa = PBXFileReference; lastKnownFileType = file.storyboard; name = Base; path = Base.lproj/Main.storyboard; sourceTree = "<group>"; };
		E1C069EA2A710208002A8D10 /* Assets.xcassets */ = {isa = PBXFileReference; lastKnownFileType = folder.assetcatalog; path = Assets.xcassets; sourceTree = "<group>"; };
		E1C069ED2A710208002A8D10 /* Base */ = {isa = PBXFileReference; lastKnownFileType = file.storyboard; name = Base; path = Base.lproj/LaunchScreen.storyboard; sourceTree = "<group>"; };
		E1C069EF2A710208002A8D10 /* Info.plist */ = {isa = PBXFileReference; lastKnownFileType = text.plist.xml; path = Info.plist; sourceTree = "<group>"; };
		E1C069F42A710209002A8D10 /* PictureAppTests.xctest */ = {isa = PBXFileReference; explicitFileType = wrapper.cfbundle; includeInIndex = 0; path = PictureAppTests.xctest; sourceTree = BUILT_PRODUCTS_DIR; };
		E1C069F82A710209002A8D10 /* PictureAppTests.swift */ = {isa = PBXFileReference; lastKnownFileType = sourcecode.swift; path = PictureAppTests.swift; sourceTree = "<group>"; };
		E1C069FE2A710209002A8D10 /* PictureAppUITests.xctest */ = {isa = PBXFileReference; explicitFileType = wrapper.cfbundle; includeInIndex = 0; path = PictureAppUITests.xctest; sourceTree = BUILT_PRODUCTS_DIR; };
		E1C06A022A710209002A8D10 /* PictureAppUITests.swift */ = {isa = PBXFileReference; lastKnownFileType = sourcecode.swift; path = PictureAppUITests.swift; sourceTree = "<group>"; };
		E1C06A042A710209002A8D10 /* PictureAppUITestsLaunchTests.swift */ = {isa = PBXFileReference; lastKnownFileType = sourcecode.swift; path = PictureAppUITestsLaunchTests.swift; sourceTree = "<group>"; };
		E1C06A112A71195F002A8D10 /* ViewController2.swift */ = {isa = PBXFileReference; lastKnownFileType = sourcecode.swift; path = ViewController2.swift; sourceTree = "<group>"; };
		E1C06A132A722ED4002A8D10 /* ViewController3.swift */ = {isa = PBXFileReference; lastKnownFileType = sourcecode.swift; path = ViewController3.swift; sourceTree = "<group>"; };
/* End PBXFileReference section */

/* Begin PBXFrameworksBuildPhase section */
		E1C069DB2A710205002A8D10 /* Frameworks */ = {
			isa = PBXFrameworksBuildPhase;
			buildActionMask = 2147483647;
			files = (
			);
			runOnlyForDeploymentPostprocessing = 0;
		};
		E1C069F12A710209002A8D10 /* Frameworks */ = {
			isa = PBXFrameworksBuildPhase;
			buildActionMask = 2147483647;
			files = (
			);
			runOnlyForDeploymentPostprocessing = 0;
		};
		E1C069FB2A710209002A8D10 /* Frameworks */ = {
			isa = PBXFrameworksBuildPhase;
			buildActionMask = 2147483647;
			files = (
			);
			runOnlyForDeploymentPostprocessing = 0;
		};
/* End PBXFrameworksBuildPhase section */

/* Begin PBXGroup section */
		E1C069D52A710205002A8D10 = {
			isa = PBXGroup;
			children = (
				E1C069E02A710205002A8D10 /* PictureApp */,
				E1C069F72A710209002A8D10 /* PictureAppTests */,
				E1C06A012A710209002A8D10 /* PictureAppUITests */,
				E1C069DF2A710205002A8D10 /* Products */,
			);
			sourceTree = "<group>";
		};
		E1C069DF2A710205002A8D10 /* Products */ = {
			isa = PBXGroup;
			children = (
				E1C069DE2A710205002A8D10 /* PictureApp.app */,
				E1C069F42A710209002A8D10 /* PictureAppTests.xctest */,
				E1C069FE2A710209002A8D10 /* PictureAppUITests.xctest */,
			);
			name = Products;
			sourceTree = "<group>";
		};
		E1C069E02A710205002A8D10 /* PictureApp */ = {
			isa = PBXGroup;
			children = (
				E1C069E12A710205002A8D10 /* AppDelegate.swift */,
				E1C069E32A710205002A8D10 /* SceneDelegate.swift */,
				E1C069E52A710205002A8D10 /* ViewController.swift */,
				E1C06A112A71195F002A8D10 /* ViewController2.swift */,
				E1C06A132A722ED4002A8D10 /* ViewController3.swift */,
				E1C069E72A710205002A8D10 /* Main.storyboard */,
				E1C069EA2A710208002A8D10 /* Assets.xcassets */,
				E1C069EC2A710208002A8D10 /* LaunchScreen.storyboard */,
				E1C069EF2A710208002A8D10 /* Info.plist */,
			);
			path = PictureApp;
			sourceTree = "<group>";
		};
		E1C069F72A710209002A8D10 /* PictureAppTests */ = {
			isa = PBXGroup;
			children = (
				E1C069F82A710209002A8D10 /* PictureAppTests.swift */,
			);
			path = PictureAppTests;
			sourceTree = "<group>";
		};
		E1C06A012A710209002A8D10 /* PictureAppUITests */ = {
			isa = PBXGroup;
			children = (
				E1C06A022A710209002A8D10 /* PictureAppUITests.swift */,
				E1C06A042A710209002A8D10 /* PictureAppUITestsLaunchTests.swift */,
			);
			path = PictureAppUITests;
			sourceTree = "<group>";
		};
/* End PBXGroup section */

/* Begin PBXNativeTarget section */
		E1C069DD2A710205002A8D10 /* PictureApp */ = {
			isa = PBXNativeTarget;
			buildConfigurationList = E1C06A082A710209002A8D10 /* Build configuration list for PBXNativeTarget "PictureApp" */;
			buildPhases = (
				E1C069DA2A710205002A8D10 /* Sources */,
				E1C069DB2A710205002A8D10 /* Frameworks */,
				E1C069DC2A710205002A8D10 /* Resources */,
			);
			buildRules = (
			);
			dependencies = (
			);
			name = PictureApp;
			productName = PictureApp;
			productReference = E1C069DE2A710205002A8D10 /* PictureApp.app */;
			productType = "com.apple.product-type.application";
		};
		E1C069F32A710209002A8D10 /* PictureAppTests */ = {
			isa = PBXNativeTarget;
			buildConfigurationList = E1C06A0B2A710209002A8D10 /* Build configuration list for PBXNativeTarget "PictureAppTests" */;
			buildPhases = (
				E1C069F02A710209002A8D10 /* Sources */,
				E1C069F12A710209002A8D10 /* Frameworks */,
				E1C069F22A710209002A8D10 /* Resources */,
			);
			buildRules = (
			);
			dependencies = (
				E1C069F62A710209002A8D10 /* PBXTargetDependency */,
			);
			name = PictureAppTests;
			productName = PictureAppTests;
			productReference = E1C069F42A710209002A8D10 /* PictureAppTests.xctest */;
			productType = "com.apple.product-type.bundle.unit-test";
		};
		E1C069FD2A710209002A8D10 /* PictureAppUITests */ = {
			isa = PBXNativeTarget;
			buildConfigurationList = E1C06A0E2A710209002A8D10 /* Build configuration list for PBXNativeTarget "PictureAppUITests" */;
			buildPhases = (
				E1C069FA2A710209002A8D10 /* Sources */,
				E1C069FB2A710209002A8D10 /* Frameworks */,
				E1C069FC2A710209002A8D10 /* Resources */,
			);
			buildRules = (
			);
			dependencies = (
				E1C06A002A710209002A8D10 /* PBXTargetDependency */,
			);
			name = PictureAppUITests;
			productName = PictureAppUITests;
			productReference = E1C069FE2A710209002A8D10 /* PictureAppUITests.xctest */;
			productType = "com.apple.product-type.bundle.ui-testing";
		};
/* End PBXNativeTarget section */

/* Begin PBXProject section */
		E1C069D62A710205002A8D10 /* Project object */ = {
			isa = PBXProject;
			attributes = {
				BuildIndependentTargetsInParallel = 1;
				LastSwiftUpdateCheck = 1430;
				LastUpgradeCheck = 1430;
				TargetAttributes = {
					E1C069DD2A710205002A8D10 = {
						CreatedOnToolsVersion = 14.3.1;
					};
					E1C069F32A710209002A8D10 = {
						CreatedOnToolsVersion = 14.3.1;
						TestTargetID = E1C069DD2A710205002A8D10;
					};
					E1C069FD2A710209002A8D10 = {
						CreatedOnToolsVersion = 14.3.1;
						TestTargetID = E1C069DD2A710205002A8D10;
					};
				};
			};
			buildConfigurationList = E1C069D92A710205002A8D10 /* Build configuration list for PBXProject "PictureApp" */;
			compatibilityVersion = "Xcode 14.0";
			developmentRegion = en;
			hasScannedForEncodings = 0;
			knownRegions = (
				en,
				Base,
			);
			mainGroup = E1C069D52A710205002A8D10;
			productRefGroup = E1C069DF2A710205002A8D10 /* Products */;
			projectDirPath = "";
			projectRoot = "";
			targets = (
				E1C069DD2A710205002A8D10 /* PictureApp */,
				E1C069F32A710209002A8D10 /* PictureAppTests */,
				E1C069FD2A710209002A8D10 /* PictureAppUITests */,
			);
		};
/* End PBXProject section */

/* Begin PBXResourcesBuildPhase section */
		E1C069DC2A710205002A8D10 /* Resources */ = {
			isa = PBXResourcesBuildPhase;
			buildActionMask = 2147483647;
			files = (
				E1C069EE2A710208002A8D10 /* LaunchScreen.storyboard in Resources */,
				E1C069EB2A710208002A8D10 /* Assets.xcassets in Resources */,
				E1C069E92A710205002A8D10 /* Main.storyboard in Resources */,
			);
			runOnlyForDeploymentPostprocessing = 0;
		};
		E1C069F22A710209002A8D10 /* Resources */ = {
			isa = PBXResourcesBuildPhase;
			buildActionMask = 2147483647;
			files = (
			);
			runOnlyForDeploymentPostprocessing = 0;
		};
		E1C069FC2A710209002A8D10 /* Resources */ = {
			isa = PBXResourcesBuildPhase;
			buildActionMask = 2147483647;
			files = (
			);
			runOnlyForDeploymentPostprocessing = 0;
		};
/* End PBXResourcesBuildPhase section */

/* Begin PBXSourcesBuildPhase section */
		E1C069DA2A710205002A8D10 /* Sources */ = {
			isa = PBXSourcesBuildPhase;
			buildActionMask = 2147483647;
			files = (
				E1C06A142A722ED4002A8D10 /* ViewController3.swift in Sources */,
				E1C069E62A710205002A8D10 /* ViewController.swift in Sources */,
				E1C06A122A71195F002A8D10 /* ViewController2.swift in Sources */,
				E1C069E22A710205002A8D10 /* AppDelegate.swift in Sources */,
				E1C069E42A710205002A8D10 /* SceneDelegate.swift in Sources */,
			);
			runOnlyForDeploymentPostprocessing = 0;
		};
		E1C069F02A710209002A8D10 /* Sources */ = {
			isa = PBXSourcesBuildPhase;
			buildActionMask = 2147483647;
			files = (
				E1C069F92A710209002A8D10 /* PictureAppTests.swift in Sources */,
			);
			runOnlyForDeploymentPostprocessing = 0;
		};
		E1C069FA2A710209002A8D10 /* Sources */ = {
			isa = PBXSourcesBuildPhase;
			buildActionMask = 2147483647;
			files = (
				E1C06A032A710209002A8D10 /* PictureAppUITests.swift in Sources */,
				E1C06A052A710209002A8D10 /* PictureAppUITestsLaunchTests.swift in Sources */,
			);
			runOnlyForDeploymentPostprocessing = 0;
		};
/* End PBXSourcesBuildPhase section */

/* Begin PBXTargetDependency section */
		E1C069F62A710209002A8D10 /* PBXTargetDependency */ = {
			isa = PBXTargetDependency;
			target = E1C069DD2A710205002A8D10 /* PictureApp */;
			targetProxy = E1C069F52A710209002A8D10 /* PBXContainerItemProxy */;
		};
		E1C06A002A710209002A8D10 /* PBXTargetDependency */ = {
			isa = PBXTargetDependency;
			target = E1C069DD2A710205002A8D10 /* PictureApp */;
			targetProxy = E1C069FF2A710209002A8D10 /* PBXContainerItemProxy */;
		};
/* End PBXTargetDependency section */

/* Begin PBXVariantGroup section */
		E1C069E72A710205002A8D10 /* Main.storyboard */ = {
			isa = PBXVariantGroup;
			children = (
				E1C069E82A710205002A8D10 /* Base */,
			);
			name = Main.storyboard;
			sourceTree = "<group>";
		};
		E1C069EC2A710208002A8D10 /* LaunchScreen.storyboard */ = {
			isa = PBXVariantGroup;
			children = (
				E1C069ED2A710208002A8D10 /* Base */,
			);
			name = LaunchScreen.storyboard;
			sourceTree = "<group>";
		};
/* End PBXVariantGroup section */

/* Begin XCBuildConfiguration section */
		E1C06A062A710209002A8D10 /* Debug */ = {
			isa = XCBuildConfiguration;
			buildSettings = {
				ALWAYS_SEARCH_USER_PATHS = NO;
				CLANG_ANALYZER_NONNULL = YES;
				CLANG_ANALYZER_NUMBER_OBJECT_CONVERSION = YES_AGGRESSIVE;
				CLANG_CXX_LANGUAGE_STANDARD = "gnu++20";
				CLANG_ENABLE_MODULES = YES;
				CLANG_ENABLE_OBJC_ARC = YES;
				CLANG_ENABLE_OBJC_WEAK = YES;
				CLANG_WARN_BLOCK_CAPTURE_AUTORELEASING = YES;
				CLANG_WARN_BOOL_CONVERSION = YES;
				CLANG_WARN_COMMA = YES;
				CLANG_WARN_CONSTANT_CONVERSION = YES;
				CLANG_WARN_DEPRECATED_OBJC_IMPLEMENTATIONS = YES;
				CLANG_WARN_DIRECT_OBJC_ISA_USAGE = YES_ERROR;
				CLANG_WARN_DOCUMENTATION_COMMENTS = YES;
				CLANG_WARN_EMPTY_BODY = YES;
				CLANG_WARN_ENUM_CONVERSION = YES;
				CLANG_WARN_INFINITE_RECURSION = YES;
				CLANG_WARN_INT_CONVERSION = YES;
				CLANG_WARN_NON_LITERAL_NULL_CONVERSION = YES;
				CLANG_WARN_OBJC_IMPLICIT_RETAIN_SELF = YES;
				CLANG_WARN_OBJC_LITERAL_CONVERSION = YES;
				CLANG_WARN_OBJC_ROOT_CLASS = YES_ERROR;
				CLANG_WARN_QUOTED_INCLUDE_IN_FRAMEWORK_HEADER = YES;
				CLANG_WARN_RANGE_LOOP_ANALYSIS = YES;
				CLANG_WARN_STRICT_PROTOTYPES = YES;
				CLANG_WARN_SUSPICIOUS_MOVE = YES;
				CLANG_WARN_UNGUARDED_AVAILABILITY = YES_AGGRESSIVE;
				CLANG_WARN_UNREACHABLE_CODE = YES;
				CLANG_WARN__DUPLICATE_METHOD_MATCH = YES;
				COPY_PHASE_STRIP = NO;
				DEBUG_INFORMATION_FORMAT = dwarf;
				ENABLE_STRICT_OBJC_MSGSEND = YES;
				ENABLE_TESTABILITY = YES;
				GCC_C_LANGUAGE_STANDARD = gnu11;
				GCC_DYNAMIC_NO_PIC = NO;
				GCC_NO_COMMON_BLOCKS = YES;
				GCC_OPTIMIZATION_LEVEL = 0;
				GCC_PREPROCESSOR_DEFINITIONS = (
					"DEBUG=1",
					"$(inherited)",
				);
				GCC_WARN_64_TO_32_BIT_CONVERSION = YES;
				GCC_WARN_ABOUT_RETURN_TYPE = YES_ERROR;
				GCC_WARN_UNDECLARED_SELECTOR = YES;
				GCC_WARN_UNINITIALIZED_AUTOS = YES_AGGRESSIVE;
				GCC_WARN_UNUSED_FUNCTION = YES;
				GCC_WARN_UNUSED_VARIABLE = YES;
				IPHONEOS_DEPLOYMENT_TARGET = 16.4;
				MTL_ENABLE_DEBUG_INFO = INCLUDE_SOURCE;
				MTL_FAST_MATH = YES;
				ONLY_ACTIVE_ARCH = YES;
				SDKROOT = iphoneos;
				SWIFT_ACTIVE_COMPILATION_CONDITIONS = DEBUG;
				SWIFT_OPTIMIZATION_LEVEL = "-Onone";
			};
			name = Debug;
		};
		E1C06A072A710209002A8D10 /* Release */ = {
			isa = XCBuildConfiguration;
			buildSettings = {
				ALWAYS_SEARCH_USER_PATHS = NO;
				CLANG_ANALYZER_NONNULL = YES;
				CLANG_ANALYZER_NUMBER_OBJECT_CONVERSION = YES_AGGRESSIVE;
				CLANG_CXX_LANGUAGE_STANDARD = "gnu++20";
				CLANG_ENABLE_MODULES = YES;
				CLANG_ENABLE_OBJC_ARC = YES;
				CLANG_ENABLE_OBJC_WEAK = YES;
				CLANG_WARN_BLOCK_CAPTURE_AUTORELEASING = YES;
				CLANG_WARN_BOOL_CONVERSION = YES;
				CLANG_WARN_COMMA = YES;
				CLANG_WARN_CONSTANT_CONVERSION = YES;
				CLANG_WARN_DEPRECATED_OBJC_IMPLEMENTATIONS = YES;
				CLANG_WARN_DIRECT_OBJC_ISA_USAGE = YES_ERROR;
				CLANG_WARN_DOCUMENTATION_COMMENTS = YES;
				CLANG_WARN_EMPTY_BODY = YES;
				CLANG_WARN_ENUM_CONVERSION = YES;
				CLANG_WARN_INFINITE_RECURSION = YES;
				CLANG_WARN_INT_CONVERSION = YES;
				CLANG_WARN_NON_LITERAL_NULL_CONVERSION = YES;
				CLANG_WARN_OBJC_IMPLICIT_RETAIN_SELF = YES;
				CLANG_WARN_OBJC_LITERAL_CONVERSION = YES;
				CLANG_WARN_OBJC_ROOT_CLASS = YES_ERROR;
				CLANG_WARN_QUOTED_INCLUDE_IN_FRAMEWORK_HEADER = YES;
				CLANG_WARN_RANGE_LOOP_ANALYSIS = YES;
				CLANG_WARN_STRICT_PROTOTYPES = YES;
				CLANG_WARN_SUSPICIOUS_MOVE = YES;
				CLANG_WARN_UNGUARDED_AVAILABILITY = YES_AGGRESSIVE;
				CLANG_WARN_UNREACHABLE_CODE = YES;
				CLANG_WARN__DUPLICATE_METHOD_MATCH = YES;
				COPY_PHASE_STRIP = NO;
				DEBUG_INFORMATION_FORMAT = "dwarf-with-dsym";
				ENABLE_NS_ASSERTIONS = NO;
				ENABLE_STRICT_OBJC_MSGSEND = YES;
				GCC_C_LANGUAGE_STANDARD = gnu11;
				GCC_NO_COMMON_BLOCKS = YES;
				GCC_WARN_64_TO_32_BIT_CONVERSION = YES;
				GCC_WARN_ABOUT_RETURN_TYPE = YES_ERROR;
				GCC_WARN_UNDECLARED_SELECTOR = YES;
				GCC_WARN_UNINITIALIZED_AUTOS = YES_AGGRESSIVE;
				GCC_WARN_UNUSED_FUNCTION = YES;
				GCC_WARN_UNUSED_VARIABLE = YES;
				IPHONEOS_DEPLOYMENT_TARGET = 16.4;
				MTL_ENABLE_DEBUG_INFO = NO;
				MTL_FAST_MATH = YES;
				SDKROOT = iphoneos;
				SWIFT_COMPILATION_MODE = wholemodule;
				SWIFT_OPTIMIZATION_LEVEL = "-O";
				VALIDATE_PRODUCT = YES;
			};
			name = Release;
		};
		E1C06A092A710209002A8D10 /* Debug */ = {
			isa = XCBuildConfiguration;
			buildSettings = {
				ASSETCATALOG_COMPILER_APPICON_NAME = AppIcon;
				ASSETCATALOG_COMPILER_GLOBAL_ACCENT_COLOR_NAME = AccentColor;
				CODE_SIGN_STYLE = Automatic;
				CURRENT_PROJECT_VERSION = 1;
				DEVELOPMENT_TEAM = P8N864HB76;
				GENERATE_INFOPLIST_FILE = YES;
				INFOPLIST_FILE = PictureApp/Info.plist;
				INFOPLIST_KEY_UIApplicationSupportsIndirectInputEvents = YES;
				INFOPLIST_KEY_UILaunchStoryboardName = LaunchScreen;
				INFOPLIST_KEY_UIMainStoryboardFile = Main;
				INFOPLIST_KEY_UISupportedInterfaceOrientations_iPad = "UIInterfaceOrientationPortrait UIInterfaceOrientationPortraitUpsideDown UIInterfaceOrientationLandscapeLeft UIInterfaceOrientationLandscapeRight";
				INFOPLIST_KEY_UISupportedInterfaceOrientations_iPhone = "UIInterfaceOrientationPortrait UIInterfaceOrientationLandscapeLeft UIInterfaceOrientationLandscapeRight";
				LD_RUNPATH_SEARCH_PATHS = (
					"$(inherited)",
					"@executable_path/Frameworks",
				);
				MARKETING_VERSION = 1.0;
				PRODUCT_BUNDLE_IDENTIFIER = ikamu.PictureApp;
				PRODUCT_NAME = "$(TARGET_NAME)";
				SWIFT_EMIT_LOC_STRINGS = YES;
				SWIFT_VERSION = 5.0;
				TARGETED_DEVICE_FAMILY = "1,2";
			};
			name = Debug;
		};
		E1C06A0A2A710209002A8D10 /* Release */ = {
			isa = XCBuildConfiguration;
			buildSettings = {
				ASSETCATALOG_COMPILER_APPICON_NAME = AppIcon;
				ASSETCATALOG_COMPILER_GLOBAL_ACCENT_COLOR_NAME = AccentColor;
				CODE_SIGN_STYLE = Automatic;
				CURRENT_PROJECT_VERSION = 1;
				DEVELOPMENT_TEAM = P8N864HB76;
				GENERATE_INFOPLIST_FILE = YES;
				INFOPLIST_FILE = PictureApp/Info.plist;
				INFOPLIST_KEY_UIApplicationSupportsIndirectInputEvents = YES;
				INFOPLIST_KEY_UILaunchStoryboardName = LaunchScreen;
				INFOPLIST_KEY_UIMainStoryboardFile = Main;
				INFOPLIST_KEY_UISupportedInterfaceOrientations_iPad = "UIInterfaceOrientationPortrait UIInterfaceOrientationPortraitUpsideDown UIInterfaceOrientationLandscapeLeft UIInterfaceOrientationLandscapeRight";
				INFOPLIST_KEY_UISupportedInterfaceOrientations_iPhone = "UIInterfaceOrientationPortrait UIInterfaceOrientationLandscapeLeft UIInterfaceOrientationLandscapeRight";
				LD_RUNPATH_SEARCH_PATHS = (
					"$(inherited)",
					"@executable_path/Frameworks",
				);
				MARKETING_VERSION = 1.0;
				PRODUCT_BUNDLE_IDENTIFIER = ikamu.PictureApp;
				PRODUCT_NAME = "$(TARGET_NAME)";
				SWIFT_EMIT_LOC_STRINGS = YES;
				SWIFT_VERSION = 5.0;
				TARGETED_DEVICE_FAMILY = "1,2";
			};
			name = Release;
		};
		E1C06A0C2A710209002A8D10 /* Debug */ = {
			isa = XCBuildConfiguration;
			buildSettings = {
				ALWAYS_EMBED_SWIFT_STANDARD_LIBRARIES = YES;
				BUNDLE_LOADER = "$(TEST_HOST)";
				CODE_SIGN_STYLE = Automatic;
				CURRENT_PROJECT_VERSION = 1;
				DEVELOPMENT_TEAM = P8N864HB76;
				GENERATE_INFOPLIST_FILE = YES;
				IPHONEOS_DEPLOYMENT_TARGET = 16.4;
				MARKETING_VERSION = 1.0;
				PRODUCT_BUNDLE_IDENTIFIER = ikamu.PictureAppTests;
				PRODUCT_NAME = "$(TARGET_NAME)";
				SWIFT_EMIT_LOC_STRINGS = NO;
				SWIFT_VERSION = 5.0;
				TARGETED_DEVICE_FAMILY = "1,2";
				TEST_HOST = "$(BUILT_PRODUCTS_DIR)/PictureApp.app/$(BUNDLE_EXECUTABLE_FOLDER_PATH)/PictureApp";
			};
			name = Debug;
		};
		E1C06A0D2A710209002A8D10 /* Release */ = {
			isa = XCBuildConfiguration;
			buildSettings = {
				ALWAYS_EMBED_SWIFT_STANDARD_LIBRARIES = YES;
				BUNDLE_LOADER = "$(TEST_HOST)";
				CODE_SIGN_STYLE = Automatic;
				CURRENT_PROJECT_VERSION = 1;
				DEVELOPMENT_TEAM = P8N864HB76;
				GENERATE_INFOPLIST_FILE = YES;
				IPHONEOS_DEPLOYMENT_TARGET = 16.4;
				MARKETING_VERSION = 1.0;
				PRODUCT_BUNDLE_IDENTIFIER = ikamu.PictureAppTests;
				PRODUCT_NAME = "$(TARGET_NAME)";
				SWIFT_EMIT_LOC_STRINGS = NO;
				SWIFT_VERSION = 5.0;
				TARGETED_DEVICE_FAMILY = "1,2";
				TEST_HOST = "$(BUILT_PRODUCTS_DIR)/PictureApp.app/$(BUNDLE_EXECUTABLE_FOLDER_PATH)/PictureApp";
			};
			name = Release;
		};
		E1C06A0F2A710209002A8D10 /* Debug */ = {
			isa = XCBuildConfiguration;
			buildSettings = {
				ALWAYS_EMBED_SWIFT_STANDARD_LIBRARIES = YES;
				CODE_SIGN_STYLE = Automatic;
				CURRENT_PROJECT_VERSION = 1;
				DEVELOPMENT_TEAM = P8N864HB76;
				GENERATE_INFOPLIST_FILE = YES;
				MARKETING_VERSION = 1.0;
				PRODUCT_BUNDLE_IDENTIFIER = ikamu.PictureAppUITests;
				PRODUCT_NAME = "$(TARGET_NAME)";
				SWIFT_EMIT_LOC_STRINGS = NO;
				SWIFT_VERSION = 5.0;
				TARGETED_DEVICE_FAMILY = "1,2";
				TEST_TARGET_NAME = PictureApp;
			};
			name = Debug;
		};
		E1C06A102A710209002A8D10 /* Release */ = {
			isa = XCBuildConfiguration;
			buildSettings = {
				ALWAYS_EMBED_SWIFT_STANDARD_LIBRARIES = YES;
				CODE_SIGN_STYLE = Automatic;
				CURRENT_PROJECT_VERSION = 1;
				DEVELOPMENT_TEAM = P8N864HB76;
				GENERATE_INFOPLIST_FILE = YES;
				MARKETING_VERSION = 1.0;
				PRODUCT_BUNDLE_IDENTIFIER = ikamu.PictureAppUITests;
				PRODUCT_NAME = "$(TARGET_NAME)";
				SWIFT_EMIT_LOC_STRINGS = NO;
				SWIFT_VERSION = 5.0;
				TARGETED_DEVICE_FAMILY = "1,2";
				TEST_TARGET_NAME = PictureApp;
			};
			name = Release;
		};
/* End XCBuildConfiguration section */

/* Begin XCConfigurationList section */
		E1C069D92A710205002A8D10 /* Build configuration list for PBXProject "PictureApp" */ = {
			isa = XCConfigurationList;
			buildConfigurations = (
				E1C06A062A710209002A8D10 /* Debug */,
				E1C06A072A710209002A8D10 /* Release */,
			);
			defaultConfigurationIsVisible = 0;
			defaultConfigurationName = Release;
		};
		E1C06A082A710209002A8D10 /* Build configuration list for PBXNativeTarget "PictureApp" */ = {
			isa = XCConfigurationList;
			buildConfigurations = (
				E1C06A092A710209002A8D10 /* Debug */,
				E1C06A0A2A710209002A8D10 /* Release */,
			);
			defaultConfigurationIsVisible = 0;
			defaultConfigurationName = Release;
		};
		E1C06A0B2A710209002A8D10 /* Build configuration list for PBXNativeTarget "PictureAppTests" */ = {
			isa = XCConfigurationList;
			buildConfigurations = (
				E1C06A0C2A710209002A8D10 /* Debug */,
				E1C06A0D2A710209002A8D10 /* Release */,
			);
			defaultConfigurationIsVisible = 0;
			defaultConfigurationName = Release;
		};
		E1C06A0E2A710209002A8D10 /* Build configuration list for PBXNativeTarget "PictureAppUITests" */ = {
			isa = XCConfigurationList;
			buildConfigurations = (
				E1C06A0F2A710209002A8D10 /* Debug */,
				E1C06A102A710209002A8D10 /* Release */,
			);
			defaultConfigurationIsVisible = 0;
			defaultConfigurationName = Release;
		};
/* End XCConfigurationList section */
	};
	rootObject = E1C069D62A710205002A8D10 /* Project object */;
}
